
Microsoft Visual Studio Solution File, Format Version 12.00
# Visual Studio Version 17
VisualStudioVersion = 17.1.32120.378
MinimumVisualStudioVersion = 10.0.40219.1
Project("{9A19103F-16F7-4668-BE54-9A1E7A4F7556}") = "TMDb.AuthService", "TMDb.AuthService\TMDb.AuthService.csproj", "{E5769EEA-F7B6-410F-A75B-61BC9D391609}"
EndProject
Project("{9A19103F-16F7-4668-BE54-9A1E7A4F7556}") = "TMDb.BlazorClient", "TMDb.BlazorClient\TMDb.BlazorClient.csproj", "{BC679440-193F-4081-AD70-F41654AC508A}"
EndProject
Project("{FAE04EC0-301F-11D3-BF4B-00C04F79EFBC}") = "TMDb.AppDataAPI", "TMDb.AppDataAPI\TMDb.AppDataAPI.csproj", "{3EE67D69-9E73-4488-A4DE-F83F47C74F32}"
EndProject
Project("{FAE04EC0-301F-11D3-BF4B-00C04F79EFBC}") = "TMDb.DataAccess", "TMDb.DataAccess\TMDb.DataAccess.csproj", "{C77AFA0D-8E28-4C9A-B2F6-443E2F2CB097}"
EndProject
Global
	GlobalSection(SolutionConfigurationPlatforms) = preSolution
		Debug|Any CPU = Debug|Any CPU
		Release|Any CPU = Release|Any CPU
	EndGlobalSection
	GlobalSection(ProjectConfigurationPlatforms) = postSolution
		{E5769EEA-F7B6-410F-A75B-61BC9D391609}.Debug|Any CPU.ActiveCfg = Debug|Any CPU
		{E5769EEA-F7B6-410F-A75B-61BC9D391609}.Debug|Any CPU.Build.0 = Debug|Any CPU
		{E5769EEA-F7B6-410F-A75B-61BC9D391609}.Release|Any CPU.ActiveCfg = Release|Any CPU
		{E5769EEA-F7B6-410F-A75B-61BC9D391609}.Release|Any CPU.Build.0 = Release|Any CPU
		{BC679440-193F-4081-AD70-F41654AC508A}.Debug|Any CPU.ActiveCfg = Debug|Any CPU
		{BC679440-193F-4081-AD70-F41654AC508A}.Debug|Any CPU.Build.0 = Debug|Any CPU
		{BC679440-193F-4081-AD70-F41654AC508A}.Release|Any CPU.ActiveCfg = Release|Any CPU
		{BC679440-193F-4081-AD70-F41654AC508A}.Release|Any CPU.Build.0 = Release|Any CPU
		{3EE67D69-9E73-4488-A4DE-F83F47C74F32}.Debug|Any CPU.ActiveCfg = Debug|Any CPU
		{3EE67D69-9E73-4488-A4DE-F83F47C74F32}.Debug|Any CPU.Build.0 = Debug|Any CPU
		{3EE67D69-9E73-4488-A4DE-F83F47C74F32}.Release|Any CPU.ActiveCfg = Release|Any CPU
		{3EE67D69-9E73-4488-A4DE-F83F47C74F32}.Release|Any CPU.Build.0 = Release|Any CPU
		{C77AFA0D-8E28-4C9A-B2F6-443E2F2CB097}.Debug|Any CPU.ActiveCfg = Debug|Any CPU
		{C77AFA0D-8E28-4C9A-B2F6-443E2F2CB097}.Debug|Any CPU.Build.0 = Debug|Any CPU
		{C77AFA0D-8E28-4C9A-B2F6-443E2F2CB097}.Release|Any CPU.ActiveCfg = Release|Any CPU
		{C77AFA0D-8E28-4C9A-B2F6-443E2F2CB097}.Release|Any CPU.Build.0 = Release|Any CPU
	EndGlobalSection
	GlobalSection(SolutionProperties) = preSolution
		HideSolutionNode = FALSE
	EndGlobalSection
	GlobalSection(ExtensibilityGlobals) = postSolution
		SolutionGuid = {CE5ED755-AFF4-47CD-B97E-0195E73B351D}
	EndGlobalSection
EndGlobal
